
Microsoft Visual Studio Solution File, Format Version 12.00
# Visual Studio 2012
Project("{FAE04EC0-301F-11D3-BF4B-00C04F79EFBC}") = "HECSDebtCalculator", "HECSDebtCalculator\HECSDebtCalculator.csproj", "{42FC00BC-7F5C-41DB-8426-4356B4E8602D}"
EndProject
Project("{FAE04EC0-301F-11D3-BF4B-00C04F79EFBC}") = "HECSDebtCalculator.Tests", "HECSDebtCalculator.Tests\HECSDebtCalculator.Tests.csproj", "{3A30BA94-C33D-42A6-9740-30ADC9B19E16}"
EndProject
Global
	GlobalSection(SolutionConfigurationPlatforms) = preSolution
		Debug|Any CPU = Debug|Any CPU
		Release|Any CPU = Release|Any CPU
	EndGlobalSection
	GlobalSection(ProjectConfigurationPlatforms) = postSolution
		{42FC00BC-7F5C-41DB-8426-4356B4E8602D}.Debug|Any CPU.ActiveCfg = Debug|Any CPU
		{42FC00BC-7F5C-41DB-8426-4356B4E8602D}.Debug|Any CPU.Build.0 = Debug|Any CPU
		{42FC00BC-7F5C-41DB-8426-4356B4E8602D}.Release|Any CPU.ActiveCfg = Release|Any CPU
		{42FC00BC-7F5C-41DB-8426-4356B4E8602D}.Release|Any CPU.Build.0 = Release|Any CPU
		{3A30BA94-C33D-42A6-9740-30ADC9B19E16}.Debug|Any CPU.ActiveCfg = Debug|Any CPU
		{3A30BA94-C33D-42A6-9740-30ADC9B19E16}.Debug|Any CPU.Build.0 = Debug|Any CPU
		{3A30BA94-C33D-42A6-9740-30ADC9B19E16}.Release|Any CPU.ActiveCfg = Release|Any CPU
		{3A30BA94-C33D-42A6-9740-30ADC9B19E16}.Release|Any CPU.Build.0 = Release|Any CPU
	EndGlobalSection
	GlobalSection(SolutionProperties) = preSolution
		HideSolutionNode = FALSE
	EndGlobalSection
EndGlobal
